{
  "name": "b2-backend",
  "lockfileVersion": 3,
  "requires": true,
  "packages": {
    "": {
      "dependencies": {
        "mutter": "^1.0.1"
      }
    },
    "node_modules/mutter": {
      "version": "1.0.1",
      "resolved": "https://registry.npmjs.org/mutter/-/mutter-1.0.1.tgz",
      "integrity": "sha512-CozXREzmYbouWAD57615eprr9sPIyHcFkqmRu/i45BfiXg8k6jjyJNxq21u1ydAm/nF3DkkvbZBSS6DpwNPqcQ==",
      "license": "MIT"
    }
  }
}
